// !$*UTF8*$!
{
	archiveVersion = 1;
	classes = {
	};
	objectVersion = 48;
	objects = {

/* Begin PBXBuildFile section */
		0483390F0D53909975165B9E /* Pods_Crossword.framework in Frameworks */ = {isa = PBXBuildFile; fileRef = 2E38B94886BCE987325CBEFF /* Pods_Crossword.framework */; };
		2F07758A1FBA3713001C9ABD /* home.mp3 in Resources */ = {isa = PBXBuildFile; fileRef = 2F0775881FBA3713001C9ABD /* home.mp3 */; };
		2F07758B1FBA3713001C9ABD /* game.mp3 in Resources */ = {isa = PBXBuildFile; fileRef = 2F0775891FBA3713001C9ABD /* game.mp3 */; };
		2F07758D1FBA391C001C9ABD /* MusicPlayer.swift in Sources */ = {isa = PBXBuildFile; fileRef = 2F07758C1FBA391C001C9ABD /* MusicPlayer.swift */; };
		2F07758F1FBA4404001C9ABD /* Settings.swift in Sources */ = {isa = PBXBuildFile; fileRef = 2F07758E1FBA4404001C9ABD /* Settings.swift */; };
		2F0929E01FC0A6EF00EA18B2 /* InfoViewController.swift in Sources */ = {isa = PBXBuildFile; fileRef = 2F0929DF1FC0A6EF00EA18B2 /* InfoViewController.swift */; };
		2F1029981FC2436D0053096D /* erase.wav in Resources */ = {isa = PBXBuildFile; fileRef = 2F1029961FC2436D0053096D /* erase.wav */; };
		2F1029991FC2436D0053096D /* click.wav in Resources */ = {isa = PBXBuildFile; fileRef = 2F1029971FC2436D0053096D /* click.wav */; };
		2F35EC601F9B1C06000014E5 /* AppDelegate.swift in Sources */ = {isa = PBXBuildFile; fileRef = 2F35EC5F1F9B1C06000014E5 /* AppDelegate.swift */; };
		2F35EC621F9B1C06000014E5 /* GameViewController.swift in Sources */ = {isa = PBXBuildFile; fileRef = 2F35EC611F9B1C06000014E5 /* GameViewController.swift */; };
		2F35EC651F9B1C06000014E5 /* Main.storyboard in Resources */ = {isa = PBXBuildFile; fileRef = 2F35EC631F9B1C06000014E5 /* Main.storyboard */; };
		2F35EC671F9B1C06000014E5 /* Assets.xcassets in Resources */ = {isa = PBXBuildFile; fileRef = 2F35EC661F9B1C06000014E5 /* Assets.xcassets */; };
		2F35EC6A1F9B1C06000014E5 /* LaunchScreen.storyboard in Resources */ = {isa = PBXBuildFile; fileRef = 2F35EC681F9B1C06000014E5 /* LaunchScreen.storyboard */; };
		2F35EC751F9B1C07000014E5 /* CrosswordTests.swift in Sources */ = {isa = PBXBuildFile; fileRef = 2F35EC741F9B1C07000014E5 /* CrosswordTests.swift */; };
		2F35EC801F9B1C07000014E5 /* CrosswordUITests.swift in Sources */ = {isa = PBXBuildFile; fileRef = 2F35EC7F1F9B1C07000014E5 /* CrosswordUITests.swift */; };
		2F36BED71FBE03AE00095519 /* GameOverViewController.swift in Sources */ = {isa = PBXBuildFile; fileRef = 2F36BED61FBE03AE00095519 /* GameOverViewController.swift */; };
		2F3A57511FC38D88002C1C13 /* GoogleService-Info.plist in Resources */ = {isa = PBXBuildFile; fileRef = 2F3A57501FC38D88002C1C13 /* GoogleService-Info.plist */; };
		2F4DB9BC1FC4F6AE00D488A0 /* level_3.plist in Resources */ = {isa = PBXBuildFile; fileRef = 2F4DB9BB1FC4F6AE00D488A0 /* level_3.plist */; };
		2F4DB9BE1FC5F62E00D488A0 /* level_4.plist in Resources */ = {isa = PBXBuildFile; fileRef = 2F4DB9BD1FC5F62E00D488A0 /* level_4.plist */; };
		2F579C6E1FC21DEB00F56B9C /* master.plist in Resources */ = {isa = PBXBuildFile; fileRef = 2F579C6D1FC21DEB00F56B9C /* master.plist */; };
		2F5D9E701FA1522B004A2AB5 /* MenuViewController.swift in Sources */ = {isa = PBXBuildFile; fileRef = 2F5D9E6F1FA1522B004A2AB5 /* MenuViewController.swift */; };
		2F7CC5F61FB8D04A00ABA677 /* HintViewController.swift in Sources */ = {isa = PBXBuildFile; fileRef = 2F7CC5F51FB8D04A00ABA677 /* HintViewController.swift */; };
		2F9CD68F1FC22A400091B834 /* level_1.plist in Resources */ = {isa = PBXBuildFile; fileRef = 2F9CD68D1FC22A400091B834 /* level_1.plist */; };
		2F9CD6901FC22A400091B834 /* level_2.plist in Resources */ = {isa = PBXBuildFile; fileRef = 2F9CD68E1FC22A400091B834 /* level_2.plist */; };
		2FA3F60C1FA2D8AD006938E2 /* BoardButton.swift in Sources */ = {isa = PBXBuildFile; fileRef = 2FA3F60B1FA2D8AD006938E2 /* BoardButton.swift */; };
		2FDC7C371FAFA4A200A3EABE /* HomeViewController.swift in Sources */ = {isa = PBXBuildFile; fileRef = 2FDC7C361FAFA4A200A3EABE /* HomeViewController.swift */; };
		2FDD0A571FC622A8001D64F2 /* level_5.plist in Resources */ = {isa = PBXBuildFile; fileRef = 2FDD0A551FC622A7001D64F2 /* level_5.plist */; };
		2FDD0A581FC622A8001D64F2 /* level_6.plist in Resources */ = {isa = PBXBuildFile; fileRef = 2FDD0A561FC622A8001D64F2 /* level_6.plist */; };
		DD47337F967C59A1196B08C3 /* Pods_CrosswordUITests.framework in Frameworks */ = {isa = PBXBuildFile; fileRef = E7A1F12BD8469BEB52DD6297 /* Pods_CrosswordUITests.framework */; };
		FA541F5D310B5B886DF5CBE4 /* Pods_CrosswordTests.framework in Frameworks */ = {isa = PBXBuildFile; fileRef = 8BA7F006000A0E6EB67A386E /* Pods_CrosswordTests.framework */; };
/* End PBXBuildFile section */

/* Begin PBXContainerItemProxy section */
		2F35EC711F9B1C07000014E5 /* PBXContainerItemProxy */ = {
			isa = PBXContainerItemProxy;
			containerPortal = 2F35EC541F9B1C06000014E5 /* Project object */;
			proxyType = 1;
			remoteGlobalIDString = 2F35EC5B1F9B1C06000014E5;
			remoteInfo = Crossword;
		};
		2F35EC7C1F9B1C07000014E5 /* PBXContainerItemProxy */ = {
			isa = PBXContainerItemProxy;
			containerPortal = 2F35EC541F9B1C06000014E5 /* Project object */;
			proxyType = 1;
			remoteGlobalIDString = 2F35EC5B1F9B1C06000014E5;
			remoteInfo = Crossword;
		};
/* End PBXContainerItemProxy section */

/* Begin PBXFileReference section */
		1A19FB1F52FE6481AEB1DCD4 /* Pods-Crossword.release.xcconfig */ = {isa = PBXFileReference; includeInIndex = 1; lastKnownFileType = text.xcconfig; name = "Pods-Crossword.release.xcconfig"; path = "Pods/Target Support Files/Pods-Crossword/Pods-Crossword.release.xcconfig"; sourceTree = "<group>"; };
		22063BA9FC3E71773B279D39 /* Pods-Crossword.debug.xcconfig */ = {isa = PBXFileReference; includeInIndex = 1; lastKnownFileType = text.xcconfig; name = "Pods-Crossword.debug.xcconfig"; path = "Pods/Target Support Files/Pods-Crossword/Pods-Crossword.debug.xcconfig"; sourceTree = "<group>"; };
		2269F998513FF253CE2327B2 /* Pods-CrosswordTests.debug.xcconfig */ = {isa = PBXFileReference; includeInIndex = 1; lastKnownFileType = text.xcconfig; name = "Pods-CrosswordTests.debug.xcconfig"; path = "Pods/Target Support Files/Pods-CrosswordTests/Pods-CrosswordTests.debug.xcconfig"; sourceTree = "<group>"; };
		2E38B94886BCE987325CBEFF /* Pods_Crossword.framework */ = {isa = PBXFileReference; explicitFileType = wrapper.framework; includeInIndex = 0; path = Pods_Crossword.framework; sourceTree = BUILT_PRODUCTS_DIR; };
		2F0775881FBA3713001C9ABD /* home.mp3 */ = {isa = PBXFileReference; lastKnownFileType = audio.mp3; path = home.mp3; sourceTree = "<group>"; };
		2F0775891FBA3713001C9ABD /* game.mp3 */ = {isa = PBXFileReference; lastKnownFileType = audio.mp3; path = game.mp3; sourceTree = "<group>"; };
		2F07758C1FBA391C001C9ABD /* MusicPlayer.swift */ = {isa = PBXFileReference; lastKnownFileType = sourcecode.swift; path = MusicPlayer.swift; sourceTree = "<group>"; };
		2F07758E1FBA4404001C9ABD /* Settings.swift */ = {isa = PBXFileReference; lastKnownFileType = sourcecode.swift; path = Settings.swift; sourceTree = "<group>"; };
		2F0929DF1FC0A6EF00EA18B2 /* InfoViewController.swift */ = {isa = PBXFileReference; lastKnownFileType = sourcecode.swift; path = InfoViewController.swift; sourceTree = "<group>"; };
		2F1029961FC2436D0053096D /* erase.wav */ = {isa = PBXFileReference; lastKnownFileType = audio.wav; path = erase.wav; sourceTree = "<group>"; };
		2F1029971FC2436D0053096D /* click.wav */ = {isa = PBXFileReference; lastKnownFileType = audio.wav; path = click.wav; sourceTree = "<group>"; };
		2F35EC5C1F9B1C06000014E5 /* Crossword.app */ = {isa = PBXFileReference; explicitFileType = wrapper.application; includeInIndex = 0; path = Crossword.app; sourceTree = BUILT_PRODUCTS_DIR; };
		2F35EC5F1F9B1C06000014E5 /* AppDelegate.swift */ = {isa = PBXFileReference; lastKnownFileType = sourcecode.swift; path = AppDelegate.swift; sourceTree = "<group>"; };
		2F35EC611F9B1C06000014E5 /* GameViewController.swift */ = {isa = PBXFileReference; lastKnownFileType = sourcecode.swift; path = GameViewController.swift; sourceTree = "<group>"; };
		2F35EC641F9B1C06000014E5 /* Base */ = {isa = PBXFileReference; lastKnownFileType = file.storyboard; name = Base; path = Base.lproj/Main.storyboard; sourceTree = "<group>"; };
		2F35EC661F9B1C06000014E5 /* Assets.xcassets */ = {isa = PBXFileReference; lastKnownFileType = folder.assetcatalog; path = Assets.xcassets; sourceTree = "<group>"; };
		2F35EC691F9B1C06000014E5 /* Base */ = {isa = PBXFileReference; lastKnownFileType = file.storyboard; name = Base; path = Base.lproj/LaunchScreen.storyboard; sourceTree = "<group>"; };
		2F35EC6B1F9B1C06000014E5 /* Info.plist */ = {isa = PBXFileReference; lastKnownFileType = text.plist.xml; path = Info.plist; sourceTree = "<group>"; };
		2F35EC701F9B1C07000014E5 /* CrosswordTests.xctest */ = {isa = PBXFileReference; explicitFileType = wrapper.cfbundle; includeInIndex = 0; path = CrosswordTests.xctest; sourceTree = BUILT_PRODUCTS_DIR; };
		2F35EC741F9B1C07000014E5 /* CrosswordTests.swift */ = {isa = PBXFileReference; lastKnownFileType = sourcecode.swift; path = CrosswordTests.swift; sourceTree = "<group>"; };
		2F35EC761F9B1C07000014E5 /* Info.plist */ = {isa = PBXFileReference; lastKnownFileType = text.plist.xml; path = Info.plist; sourceTree = "<group>"; };
		2F35EC7B1F9B1C07000014E5 /* CrosswordUITests.xctest */ = {isa = PBXFileReference; explicitFileType = wrapper.cfbundle; includeInIndex = 0; path = CrosswordUITests.xctest; sourceTree = BUILT_PRODUCTS_DIR; };
		2F35EC7F1F9B1C07000014E5 /* CrosswordUITests.swift */ = {isa = PBXFileReference; lastKnownFileType = sourcecode.swift; path = CrosswordUITests.swift; sourceTree = "<group>"; };
		2F35EC811F9B1C07000014E5 /* Info.plist */ = {isa = PBXFileReference; lastKnownFileType = text.plist.xml; path = Info.plist; sourceTree = "<group>"; };
		2F36BED61FBE03AE00095519 /* GameOverViewController.swift */ = {isa = PBXFileReference; lastKnownFileType = sourcecode.swift; path = GameOverViewController.swift; sourceTree = "<group>"; };
		2F3A57501FC38D88002C1C13 /* GoogleService-Info.plist */ = {isa = PBXFileReference; fileEncoding = 4; lastKnownFileType = text.plist.xml; path = "GoogleService-Info.plist"; sourceTree = "<group>"; };
		2F4DB9BB1FC4F6AE00D488A0 /* level_3.plist */ = {isa = PBXFileReference; lastKnownFileType = file.bplist; path = level_3.plist; sourceTree = "<group>"; };
		2F4DB9BD1FC5F62E00D488A0 /* level_4.plist */ = {isa = PBXFileReference; lastKnownFileType = file.bplist; path = level_4.plist; sourceTree = "<group>"; };
		2F579C6D1FC21DEB00F56B9C /* master.plist */ = {isa = PBXFileReference; lastKnownFileType = file.bplist; path = master.plist; sourceTree = "<group>"; };
		2F5D9E6F1FA1522B004A2AB5 /* MenuViewController.swift */ = {isa = PBXFileReference; lastKnownFileType = sourcecode.swift; path = MenuViewController.swift; sourceTree = "<group>"; };
		2F7CC5F51FB8D04A00ABA677 /* HintViewController.swift */ = {isa = PBXFileReference; lastKnownFileType = sourcecode.swift; path = HintViewController.swift; sourceTree = "<group>"; };
		2F9CD68D1FC22A400091B834 /* level_1.plist */ = {isa = PBXFileReference; lastKnownFileType = file.bplist; path = level_1.plist; sourceTree = "<group>"; };
		2F9CD68E1FC22A400091B834 /* level_2.plist */ = {isa = PBXFileReference; lastKnownFileType = file.bplist; path = level_2.plist; sourceTree = "<group>"; };
		2FA3F60B1FA2D8AD006938E2 /* BoardButton.swift */ = {isa = PBXFileReference; lastKnownFileType = sourcecode.swift; path = BoardButton.swift; sourceTree = "<group>"; };
		2FDC7C361FAFA4A200A3EABE /* HomeViewController.swift */ = {isa = PBXFileReference; lastKnownFileType = sourcecode.swift; path = HomeViewController.swift; sourceTree = "<group>"; };
		2FDD0A551FC622A7001D64F2 /* level_5.plist */ = {isa = PBXFileReference; lastKnownFileType = file.bplist; path = level_5.plist; sourceTree = "<group>"; };
		2FDD0A561FC622A8001D64F2 /* level_6.plist */ = {isa = PBXFileReference; lastKnownFileType = file.bplist; path = level_6.plist; sourceTree = "<group>"; };
		4A3278F256C80F5572606B93 /* Pods-CrosswordUITests.release.xcconfig */ = {isa = PBXFileReference; includeInIndex = 1; lastKnownFileType = text.xcconfig; name = "Pods-CrosswordUITests.release.xcconfig"; path = "Pods/Target Support Files/Pods-CrosswordUITests/Pods-CrosswordUITests.release.xcconfig"; sourceTree = "<group>"; };
		65B4CEE3811F32B335769A9A /* Pods-CrosswordUITests.debug.xcconfig */ = {isa = PBXFileReference; includeInIndex = 1; lastKnownFileType = text.xcconfig; name = "Pods-CrosswordUITests.debug.xcconfig"; path = "Pods/Target Support Files/Pods-CrosswordUITests/Pods-CrosswordUITests.debug.xcconfig"; sourceTree = "<group>"; };
		66F51F77CC075E9E76C3D43C /* Pods-CrosswordTests.release.xcconfig */ = {isa = PBXFileReference; includeInIndex = 1; lastKnownFileType = text.xcconfig; name = "Pods-CrosswordTests.release.xcconfig"; path = "Pods/Target Support Files/Pods-CrosswordTests/Pods-CrosswordTests.release.xcconfig"; sourceTree = "<group>"; };
		8BA7F006000A0E6EB67A386E /* Pods_CrosswordTests.framework */ = {isa = PBXFileReference; explicitFileType = wrapper.framework; includeInIndex = 0; path = Pods_CrosswordTests.framework; sourceTree = BUILT_PRODUCTS_DIR; };
		E7A1F12BD8469BEB52DD6297 /* Pods_CrosswordUITests.framework */ = {isa = PBXFileReference; explicitFileType = wrapper.framework; includeInIndex = 0; path = Pods_CrosswordUITests.framework; sourceTree = BUILT_PRODUCTS_DIR; };
/* End PBXFileReference section */

/* Begin PBXFrameworksBuildPhase section */
		2F35EC591F9B1C06000014E5 /* Frameworks */ = {
			isa = PBXFrameworksBuildPhase;
			buildActionMask = 2147483647;
			files = (
				0483390F0D53909975165B9E /* Pods_Crossword.framework in Frameworks */,
			);
			runOnlyForDeploymentPostprocessing = 0;
		};
		2F35EC6D1F9B1C07000014E5 /* Frameworks */ = {
			isa = PBXFrameworksBuildPhase;
			buildActionMask = 2147483647;
			files = (
				FA541F5D310B5B886DF5CBE4 /* Pods_CrosswordTests.framework in Frameworks */,
			);
			runOnlyForDeploymentPostprocessing = 0;
		};
		2F35EC781F9B1C07000014E5 /* Frameworks */ = {
			isa = PBXFrameworksBuildPhase;
			buildActionMask = 2147483647;
			files = (
				DD47337F967C59A1196B08C3 /* Pods_CrosswordUITests.framework in Frameworks */,
			);
			runOnlyForDeploymentPostprocessing = 0;
		};
/* End PBXFrameworksBuildPhase section */

/* Begin PBXGroup section */
		2F111B121FB964E200DBA3EE /* Music */ = {
			isa = PBXGroup;
			children = (
				2F0775891FBA3713001C9ABD /* game.mp3 */,
				2F0775881FBA3713001C9ABD /* home.mp3 */,
				2F1029971FC2436D0053096D /* click.wav */,
				2F1029961FC2436D0053096D /* erase.wav */,
			);
			path = Music;
			sourceTree = "<group>";
		};
		2F35EC531F9B1C06000014E5 = {
			isa = PBXGroup;
			children = (
				2F35EC5E1F9B1C06000014E5 /* Crossword */,
				2F35EC731F9B1C07000014E5 /* CrosswordTests */,
				2F35EC7E1F9B1C07000014E5 /* CrosswordUITests */,
				2F35EC5D1F9B1C06000014E5 /* Products */,
				D830F946B06C4A0A84327743 /* Pods */,
				B249A63E633C3F3DD0AEE31F /* Frameworks */,
			);
			sourceTree = "<group>";
		};
		2F35EC5D1F9B1C06000014E5 /* Products */ = {
			isa = PBXGroup;
			children = (
				2F35EC5C1F9B1C06000014E5 /* Crossword.app */,
				2F35EC701F9B1C07000014E5 /* CrosswordTests.xctest */,
				2F35EC7B1F9B1C07000014E5 /* CrosswordUITests.xctest */,
			);
			name = Products;
			sourceTree = "<group>";
		};
		2F35EC5E1F9B1C06000014E5 /* Crossword */ = {
			isa = PBXGroup;
			children = (
				2F35EC5F1F9B1C06000014E5 /* AppDelegate.swift */,
				2FDC7C361FAFA4A200A3EABE /* HomeViewController.swift */,
				2F0929DF1FC0A6EF00EA18B2 /* InfoViewController.swift */,
				2F35EC611F9B1C06000014E5 /* GameViewController.swift */,
				2F5D9E6F1FA1522B004A2AB5 /* MenuViewController.swift */,
				2F7CC5F51FB8D04A00ABA677 /* HintViewController.swift */,
				2F36BED61FBE03AE00095519 /* GameOverViewController.swift */,
				2F07758C1FBA391C001C9ABD /* MusicPlayer.swift */,
				2F07758E1FBA4404001C9ABD /* Settings.swift */,
				2FA3F60B1FA2D8AD006938E2 /* BoardButton.swift */,
				2F35EC631F9B1C06000014E5 /* Main.storyboard */,
				2F35EC661F9B1C06000014E5 /* Assets.xcassets */,
				2F35EC681F9B1C06000014E5 /* LaunchScreen.storyboard */,
				2F35EC6B1F9B1C06000014E5 /* Info.plist */,
				2F579C6D1FC21DEB00F56B9C /* master.plist */,
				2F3A57501FC38D88002C1C13 /* GoogleService-Info.plist */,
				2F39E1311FBE714400FC123C /* Levels */,
				2F111B121FB964E200DBA3EE /* Music */,
			);
			path = Crossword;
			sourceTree = "<group>";
		};
		2F35EC731F9B1C07000014E5 /* CrosswordTests */ = {
			isa = PBXGroup;
			children = (
				2F35EC741F9B1C07000014E5 /* CrosswordTests.swift */,
				2F35EC761F9B1C07000014E5 /* Info.plist */,
			);
			path = CrosswordTests;
			sourceTree = "<group>";
		};
		2F35EC7E1F9B1C07000014E5 /* CrosswordUITests */ = {
			isa = PBXGroup;
			children = (
				2F35EC7F1F9B1C07000014E5 /* CrosswordUITests.swift */,
				2F35EC811F9B1C07000014E5 /* Info.plist */,
			);
			path = CrosswordUITests;
			sourceTree = "<group>";
		};
		2F39E1311FBE714400FC123C /* Levels */ = {
			isa = PBXGroup;
			children = (
				2F9CD68D1FC22A400091B834 /* level_1.plist */,
				2F9CD68E1FC22A400091B834 /* level_2.plist */,
				2F4DB9BB1FC4F6AE00D488A0 /* level_3.plist */,
				2F4DB9BD1FC5F62E00D488A0 /* level_4.plist */,
				2FDD0A551FC622A7001D64F2 /* level_5.plist */,
				2FDD0A561FC622A8001D64F2 /* level_6.plist */,
			);
			path = Levels;
			sourceTree = "<group>";
		};
		B249A63E633C3F3DD0AEE31F /* Frameworks */ = {
			isa = PBXGroup;
			children = (
				2E38B94886BCE987325CBEFF /* Pods_Crossword.framework */,
				8BA7F006000A0E6EB67A386E /* Pods_CrosswordTests.framework */,
				E7A1F12BD8469BEB52DD6297 /* Pods_CrosswordUITests.framework */,
			);
			name = Frameworks;
			sourceTree = "<group>";
		};
		D830F946B06C4A0A84327743 /* Pods */ = {
			isa = PBXGroup;
			children = (
				22063BA9FC3E71773B279D39 /* Pods-Crossword.debug.xcconfig */,
				1A19FB1F52FE6481AEB1DCD4 /* Pods-Crossword.release.xcconfig */,
				2269F998513FF253CE2327B2 /* Pods-CrosswordTests.debug.xcconfig */,
				66F51F77CC075E9E76C3D43C /* Pods-CrosswordTests.release.xcconfig */,
				65B4CEE3811F32B335769A9A /* Pods-CrosswordUITests.debug.xcconfig */,
				4A3278F256C80F5572606B93 /* Pods-CrosswordUITests.release.xcconfig */,
			);
			name = Pods;
			sourceTree = "<group>";
		};
/* End PBXGroup section */

/* Begin PBXNativeTarget section */
		2F35EC5B1F9B1C06000014E5 /* Crossword */ = {
			isa = PBXNativeTarget;
			buildConfigurationList = 2F35EC841F9B1C07000014E5 /* Build configuration list for PBXNativeTarget "Crossword" */;
			buildPhases = (
				D54AAA0DAEE5774D0D6D7829 /* [CP] Check Pods Manifest.lock */,
				2F35EC581F9B1C06000014E5 /* Sources */,
				2F35EC591F9B1C06000014E5 /* Frameworks */,
				2F35EC5A1F9B1C06000014E5 /* Resources */,
				815B3A6C5480159CEC659178 /* [CP] Embed Pods Frameworks */,
				DCAFD6C81E7B0DC9D9E2BA37 /* [CP] Copy Pods Resources */,
			);
			buildRules = (
			);
			dependencies = (
			);
			name = Crossword;
			productName = Crossword;
			productReference = 2F35EC5C1F9B1C06000014E5 /* Crossword.app */;
			productType = "com.apple.product-type.application";
		};
		2F35EC6F1F9B1C07000014E5 /* CrosswordTests */ = {
			isa = PBXNativeTarget;
			buildConfigurationList = 2F35EC871F9B1C07000014E5 /* Build configuration list for PBXNativeTarget "CrosswordTests" */;
			buildPhases = (
				AD654B1010C3F92D26B7E140 /* [CP] Check Pods Manifest.lock */,
				2F35EC6C1F9B1C07000014E5 /* Sources */,
				2F35EC6D1F9B1C07000014E5 /* Frameworks */,
				2F35EC6E1F9B1C07000014E5 /* Resources */,
				36263AEC73686D3031826555 /* [CP] Embed Pods Frameworks */,
				27920F1AF6F77A4E8635725F /* [CP] Copy Pods Resources */,
			);
			buildRules = (
			);
			dependencies = (
				2F35EC721F9B1C07000014E5 /* PBXTargetDependency */,
			);
			name = CrosswordTests;
			productName = CrosswordTests;
			productReference = 2F35EC701F9B1C07000014E5 /* CrosswordTests.xctest */;
			productType = "com.apple.product-type.bundle.unit-test";
		};
		2F35EC7A1F9B1C07000014E5 /* CrosswordUITests */ = {
			isa = PBXNativeTarget;
			buildConfigurationList = 2F35EC8A1F9B1C07000014E5 /* Build configuration list for PBXNativeTarget "CrosswordUITests" */;
			buildPhases = (
				85241375569C2987058F0633 /* [CP] Check Pods Manifest.lock */,
				2F35EC771F9B1C07000014E5 /* Sources */,
				2F35EC781F9B1C07000014E5 /* Frameworks */,
				2F35EC791F9B1C07000014E5 /* Resources */,
				24406E7E8A4CFD0D0E811A8B /* [CP] Embed Pods Frameworks */,
				D127C83EFBC2E9552161BFB5 /* [CP] Copy Pods Resources */,
			);
			buildRules = (
			);
			dependencies = (
				2F35EC7D1F9B1C07000014E5 /* PBXTargetDependency */,
			);
			name = CrosswordUITests;
			productName = CrosswordUITests;
			productReference = 2F35EC7B1F9B1C07000014E5 /* CrosswordUITests.xctest */;
			productType = "com.apple.product-type.bundle.ui-testing";
		};
/* End PBXNativeTarget section */

/* Begin PBXProject section */
		2F35EC541F9B1C06000014E5 /* Project object */ = {
			isa = PBXProject;
			attributes = {
				LastSwiftUpdateCheck = 0900;
				LastUpgradeCheck = 0900;
				ORGANIZATIONNAME = tstick;
				TargetAttributes = {
					2F35EC5B1F9B1C06000014E5 = {
						CreatedOnToolsVersion = 9.0.1;
						ProvisioningStyle = Automatic;
					};
					2F35EC6F1F9B1C07000014E5 = {
						CreatedOnToolsVersion = 9.0.1;
						ProvisioningStyle = Automatic;
						TestTargetID = 2F35EC5B1F9B1C06000014E5;
					};
					2F35EC7A1F9B1C07000014E5 = {
						CreatedOnToolsVersion = 9.0.1;
						ProvisioningStyle = Automatic;
						TestTargetID = 2F35EC5B1F9B1C06000014E5;
					};
				};
			};
			buildConfigurationList = 2F35EC571F9B1C06000014E5 /* Build configuration list for PBXProject "Crossword" */;
			compatibilityVersion = "Xcode 8.0";
			developmentRegion = en;
			hasScannedForEncodings = 0;
			knownRegions = (
				en,
				Base,
			);
			mainGroup = 2F35EC531F9B1C06000014E5;
			productRefGroup = 2F35EC5D1F9B1C06000014E5 /* Products */;
			projectDirPath = "";
			projectRoot = "";
			targets = (
				2F35EC5B1F9B1C06000014E5 /* Crossword */,
				2F35EC6F1F9B1C07000014E5 /* CrosswordTests */,
				2F35EC7A1F9B1C07000014E5 /* CrosswordUITests */,
			);
		};
/* End PBXProject section */

/* Begin PBXResourcesBuildPhase section */
		2F35EC5A1F9B1C06000014E5 /* Resources */ = {
			isa = PBXResourcesBuildPhase;
			buildActionMask = 2147483647;
			files = (
				2F9CD6901FC22A400091B834 /* level_2.plist in Resources */,
				2F35EC6A1F9B1C06000014E5 /* LaunchScreen.storyboard in Resources */,
				2F579C6E1FC21DEB00F56B9C /* master.plist in Resources */,
				2F07758B1FBA3713001C9ABD /* game.mp3 in Resources */,
				2F4DB9BE1FC5F62E00D488A0 /* level_4.plist in Resources */,
				2F35EC671F9B1C06000014E5 /* Assets.xcassets in Resources */,
				2FDD0A581FC622A8001D64F2 /* level_6.plist in Resources */,
				2F1029981FC2436D0053096D /* erase.wav in Resources */,
				2F9CD68F1FC22A400091B834 /* level_1.plist in Resources */,
				2F1029991FC2436D0053096D /* click.wav in Resources */,
				2F3A57511FC38D88002C1C13 /* GoogleService-Info.plist in Resources */,
				2F4DB9BC1FC4F6AE00D488A0 /* level_3.plist in Resources */,
				2F35EC651F9B1C06000014E5 /* Main.storyboard in Resources */,
				2F07758A1FBA3713001C9ABD /* home.mp3 in Resources */,
				2FDD0A571FC622A8001D64F2 /* level_5.plist in Resources */,
			);
			runOnlyForDeploymentPostprocessing = 0;
		};
		2F35EC6E1F9B1C07000014E5 /* Resources */ = {
			isa = PBXResourcesBuildPhase;
			buildActionMask = 2147483647;
			files = (
			);
			runOnlyForDeploymentPostprocessing = 0;
		};
		2F35EC791F9B1C07000014E5 /* Resources */ = {
			isa = PBXResourcesBuildPhase;
			buildActionMask = 2147483647;
			files = (
			);
			runOnlyForDeploymentPostprocessing = 0;
		};
/* End PBXResourcesBuildPhase section */

/* Begin PBXShellScriptBuildPhase section */
		24406E7E8A4CFD0D0E811A8B /* [CP] Embed Pods Frameworks */ = {
			isa = PBXShellScriptBuildPhase;
			buildActionMask = 2147483647;
			files = (
			);
			inputPaths = (
			);
			name = "[CP] Embed Pods Frameworks";
			outputPaths = (
			);
			runOnlyForDeploymentPostprocessing = 0;
			shellPath = /bin/sh;
			shellScript = "\"${SRCROOT}/Pods/Target Support Files/Pods-CrosswordUITests/Pods-CrosswordUITests-frameworks.sh\"\n";
			showEnvVarsInLog = 0;
		};
		27920F1AF6F77A4E8635725F /* [CP] Copy Pods Resources */ = {
			isa = PBXShellScriptBuildPhase;
			buildActionMask = 2147483647;
			files = (
			);
			inputPaths = (
			);
			name = "[CP] Copy Pods Resources";
			outputPaths = (
			);
			runOnlyForDeploymentPostprocessing = 0;
			shellPath = /bin/sh;
			shellScript = "\"${SRCROOT}/Pods/Target Support Files/Pods-CrosswordTests/Pods-CrosswordTests-resources.sh\"\n";
			showEnvVarsInLog = 0;
		};
		36263AEC73686D3031826555 /* [CP] Embed Pods Frameworks */ = {
			isa = PBXShellScriptBuildPhase;
			buildActionMask = 2147483647;
			files = (
			);
			inputPaths = (
			);
			name = "[CP] Embed Pods Frameworks";
			outputPaths = (
			);
			runOnlyForDeploymentPostprocessing = 0;
			shellPath = /bin/sh;
			shellScript = "\"${SRCROOT}/Pods/Target Support Files/Pods-CrosswordTests/Pods-CrosswordTests-frameworks.sh\"\n";
			showEnvVarsInLog = 0;
		};
		815B3A6C5480159CEC659178 /* [CP] Embed Pods Frameworks */ = {
			isa = PBXShellScriptBuildPhase;
			buildActionMask = 2147483647;
			files = (
			);
			inputPaths = (
				"${SRCROOT}/Pods/Target Support Files/Pods-Crossword/Pods-Crossword-frameworks.sh",
				"${BUILT_PRODUCTS_DIR}/GoogleToolboxForMac/GoogleToolboxForMac.framework",
				"${BUILT_PRODUCTS_DIR}/nanopb/nanopb.framework",
			);
			name = "[CP] Embed Pods Frameworks";
			outputPaths = (
				"${TARGET_BUILD_DIR}/${FRAMEWORKS_FOLDER_PATH}/GoogleToolboxForMac.framework",
				"${TARGET_BUILD_DIR}/${FRAMEWORKS_FOLDER_PATH}/nanopb.framework",
			);
			runOnlyForDeploymentPostprocessing = 0;
			shellPath = /bin/sh;
			shellScript = "\"${SRCROOT}/Pods/Target Support Files/Pods-Crossword/Pods-Crossword-frameworks.sh\"\n";
			showEnvVarsInLog = 0;
		};
		85241375569C2987058F0633 /* [CP] Check Pods Manifest.lock */ = {
			isa = PBXShellScriptBuildPhase;
			buildActionMask = 2147483647;
			files = (
			);
			inputPaths = (
				"${PODS_PODFILE_DIR_PATH}/Podfile.lock",
				"${PODS_ROOT}/Manifest.lock",
			);
			name = "[CP] Check Pods Manifest.lock";
			outputPaths = (
				"$(DERIVED_FILE_DIR)/Pods-CrosswordUITests-checkManifestLockResult.txt",
			);
			runOnlyForDeploymentPostprocessing = 0;
			shellPath = /bin/sh;
			shellScript = "diff \"${PODS_PODFILE_DIR_PATH}/Podfile.lock\" \"${PODS_ROOT}/Manifest.lock\" > /dev/null\nif [ $? != 0 ] ; then\n    # print error to STDERR\n    echo \"error: The sandbox is not in sync with the Podfile.lock. Run 'pod install' or update your CocoaPods installation.\" >&2\n    exit 1\nfi\n# This output is used by Xcode 'outputs' to avoid re-running this script phase.\necho \"SUCCESS\" > \"${SCRIPT_OUTPUT_FILE_0}\"\n";
			showEnvVarsInLog = 0;
		};
		AD654B1010C3F92D26B7E140 /* [CP] Check Pods Manifest.lock */ = {
			isa = PBXShellScriptBuildPhase;
			buildActionMask = 2147483647;
			files = (
			);
			inputPaths = (
				"${PODS_PODFILE_DIR_PATH}/Podfile.lock",
				"${PODS_ROOT}/Manifest.lock",
			);
			name = "[CP] Check Pods Manifest.lock";
			outputPaths = (
				"$(DERIVED_FILE_DIR)/Pods-CrosswordTests-checkManifestLockResult.txt",
			);
			runOnlyForDeploymentPostprocessing = 0;
			shellPath = /bin/sh;
			shellScript = "diff \"${PODS_PODFILE_DIR_PATH}/Podfile.lock\" \"${PODS_ROOT}/Manifest.lock\" > /dev/null\nif [ $? != 0 ] ; then\n    # print error to STDERR\n    echo \"error: The sandbox is not in sync with the Podfile.lock. Run 'pod install' or update your CocoaPods installation.\" >&2\n    exit 1\nfi\n# This output is used by Xcode 'outputs' to avoid re-running this script phase.\necho \"SUCCESS\" > \"${SCRIPT_OUTPUT_FILE_0}\"\n";
			showEnvVarsInLog = 0;
		};
		D127C83EFBC2E9552161BFB5 /* [CP] Copy Pods Resources */ = {
			isa = PBXShellScriptBuildPhase;
			buildActionMask = 2147483647;
			files = (
			);
			inputPaths = (
			);
			name = "[CP] Copy Pods Resources";
			outputPaths = (
			);
			runOnlyForDeploymentPostprocessing = 0;
			shellPath = /bin/sh;
			shellScript = "\"${SRCROOT}/Pods/Target Support Files/Pods-CrosswordUITests/Pods-CrosswordUITests-resources.sh\"\n";
			showEnvVarsInLog = 0;
		};
		D54AAA0DAEE5774D0D6D7829 /* [CP] Check Pods Manifest.lock */ = {
			isa = PBXShellScriptBuildPhase;
			buildActionMask = 2147483647;
			files = (
			);
			inputPaths = (
				"${PODS_PODFILE_DIR_PATH}/Podfile.lock",
				"${PODS_ROOT}/Manifest.lock",
			);
			name = "[CP] Check Pods Manifest.lock";
			outputPaths = (
				"$(DERIVED_FILE_DIR)/Pods-Crossword-checkManifestLockResult.txt",
			);
			runOnlyForDeploymentPostprocessing = 0;
			shellPath = /bin/sh;
			shellScript = "diff \"${PODS_PODFILE_DIR_PATH}/Podfile.lock\" \"${PODS_ROOT}/Manifest.lock\" > /dev/null\nif [ $? != 0 ] ; then\n    # print error to STDERR\n    echo \"error: The sandbox is not in sync with the Podfile.lock. Run 'pod install' or update your CocoaPods installation.\" >&2\n    exit 1\nfi\n# This output is used by Xcode 'outputs' to avoid re-running this script phase.\necho \"SUCCESS\" > \"${SCRIPT_OUTPUT_FILE_0}\"\n";
			showEnvVarsInLog = 0;
		};
		DCAFD6C81E7B0DC9D9E2BA37 /* [CP] Copy Pods Resources */ = {
			isa = PBXShellScriptBuildPhase;
			buildActionMask = 2147483647;
			files = (
			);
			inputPaths = (
			);
			name = "[CP] Copy Pods Resources";
			outputPaths = (
			);
			runOnlyForDeploymentPostprocessing = 0;
			shellPath = /bin/sh;
			shellScript = "\"${SRCROOT}/Pods/Target Support Files/Pods-Crossword/Pods-Crossword-resources.sh\"\n";
			showEnvVarsInLog = 0;
		};
/* End PBXShellScriptBuildPhase section */

/* Begin PBXSourcesBuildPhase section */
		2F35EC581F9B1C06000014E5 /* Sources */ = {
			isa = PBXSourcesBuildPhase;
			buildActionMask = 2147483647;
			files = (
				2FDC7C371FAFA4A200A3EABE /* HomeViewController.swift in Sources */,
				2F7CC5F61FB8D04A00ABA677 /* HintViewController.swift in Sources */,
				2F07758F1FBA4404001C9ABD /* Settings.swift in Sources */,
				2FA3F60C1FA2D8AD006938E2 /* BoardButton.swift in Sources */,
				2F0929E01FC0A6EF00EA18B2 /* InfoViewController.swift in Sources */,
				2F35EC621F9B1C06000014E5 /* GameViewController.swift in Sources */,
				2F07758D1FBA391C001C9ABD /* MusicPlayer.swift in Sources */,
				2F5D9E701FA1522B004A2AB5 /* MenuViewController.swift in Sources */,
				2F35EC601F9B1C06000014E5 /* AppDelegate.swift in Sources */,
				2F36BED71FBE03AE00095519 /* GameOverViewController.swift in Sources */,
			);
			runOnlyForDeploymentPostprocessing = 0;
		};
		2F35EC6C1F9B1C07000014E5 /* Sources */ = {
			isa = PBXSourcesBuildPhase;
			buildActionMask = 2147483647;
			files = (
				2F35EC751F9B1C07000014E5 /* CrosswordTests.swift in Sources */,
			);
			runOnlyForDeploymentPostprocessing = 0;
		};
		2F35EC771F9B1C07000014E5 /* Sources */ = {
			isa = PBXSourcesBuildPhase;
			buildActionMask = 2147483647;
			files = (
				2F35EC801F9B1C07000014E5 /* CrosswordUITests.swift in Sources */,
			);
			runOnlyForDeploymentPostprocessing = 0;
		};
/* End PBXSourcesBuildPhase section */

/* Begin PBXTargetDependency section */
		2F35EC721F9B1C07000014E5 /* PBXTargetDependency */ = {
			isa = PBXTargetDependency;
			target = 2F35EC5B1F9B1C06000014E5 /* Crossword */;
			targetProxy = 2F35EC711F9B1C07000014E5 /* PBXContainerItemProxy */;
		};
		2F35EC7D1F9B1C07000014E5 /* PBXTargetDependency */ = {
			isa = PBXTargetDependency;
			target = 2F35EC5B1F9B1C06000014E5 /* Crossword */;
			targetProxy = 2F35EC7C1F9B1C07000014E5 /* PBXContainerItemProxy */;
		};
/* End PBXTargetDependency section */

/* Begin PBXVariantGroup section */
		2F35EC631F9B1C06000014E5 /* Main.storyboard */ = {
			isa = PBXVariantGroup;
			children = (
				2F35EC641F9B1C06000014E5 /* Base */,
			);
			name = Main.storyboard;
			sourceTree = "<group>";
		};
		2F35EC681F9B1C06000014E5 /* LaunchScreen.storyboard */ = {
			isa = PBXVariantGroup;
			children = (
				2F35EC691F9B1C06000014E5 /* Base */,
			);
			name = LaunchScreen.storyboard;
			sourceTree = "<group>";
		};
/* End PBXVariantGroup section */

/* Begin XCBuildConfiguration section */
		2F35EC821F9B1C07000014E5 /* Debug */ = {
			isa = XCBuildConfiguration;
			buildSettings = {
				ALWAYS_SEARCH_USER_PATHS = NO;
				CLANG_ANALYZER_NONNULL = YES;
				CLANG_ANALYZER_NUMBER_OBJECT_CONVERSION = YES_AGGRESSIVE;
				CLANG_CXX_LANGUAGE_STANDARD = "gnu++14";
				CLANG_CXX_LIBRARY = "libc++";
				CLANG_ENABLE_MODULES = YES;
				CLANG_ENABLE_OBJC_ARC = YES;
				CLANG_WARN_BLOCK_CAPTURE_AUTORELEASING = YES;
				CLANG_WARN_BOOL_CONVERSION = YES;
				CLANG_WARN_COMMA = YES;
				CLANG_WARN_CONSTANT_CONVERSION = YES;
				CLANG_WARN_DIRECT_OBJC_ISA_USAGE = YES_ERROR;
				CLANG_WARN_DOCUMENTATION_COMMENTS = YES;
				CLANG_WARN_EMPTY_BODY = YES;
				CLANG_WARN_ENUM_CONVERSION = YES;
				CLANG_WARN_INFINITE_RECURSION = YES;
				CLANG_WARN_INT_CONVERSION = YES;
				CLANG_WARN_NON_LITERAL_NULL_CONVERSION = YES;
				CLANG_WARN_OBJC_LITERAL_CONVERSION = YES;
				CLANG_WARN_OBJC_ROOT_CLASS = YES_ERROR;
				CLANG_WARN_RANGE_LOOP_ANALYSIS = YES;
				CLANG_WARN_STRICT_PROTOTYPES = YES;
				CLANG_WARN_SUSPICIOUS_MOVE = YES;
				CLANG_WARN_UNGUARDED_AVAILABILITY = YES_AGGRESSIVE;
				CLANG_WARN_UNREACHABLE_CODE = YES;
				CLANG_WARN__DUPLICATE_METHOD_MATCH = YES;
				CODE_SIGN_IDENTITY = "iPhone Developer";
				COPY_PHASE_STRIP = NO;
				DEBUG_INFORMATION_FORMAT = dwarf;
				ENABLE_STRICT_OBJC_MSGSEND = YES;
				ENABLE_TESTABILITY = YES;
				GCC_C_LANGUAGE_STANDARD = gnu11;
				GCC_DYNAMIC_NO_PIC = NO;
				GCC_NO_COMMON_BLOCKS = YES;
				GCC_OPTIMIZATION_LEVEL = 0;
				GCC_PREPROCESSOR_DEFINITIONS = (
					"DEBUG=1",
					"$(inherited)",
				);
				GCC_WARN_64_TO_32_BIT_CONVERSION = YES;
				GCC_WARN_ABOUT_RETURN_TYPE = YES_ERROR;
				GCC_WARN_UNDECLARED_SELECTOR = YES;
				GCC_WARN_UNINITIALIZED_AUTOS = YES_AGGRESSIVE;
				GCC_WARN_UNUSED_FUNCTION = YES;
				GCC_WARN_UNUSED_VARIABLE = YES;
				IPHONEOS_DEPLOYMENT_TARGET = 11.0;
				MTL_ENABLE_DEBUG_INFO = YES;
				ONLY_ACTIVE_ARCH = YES;
				SDKROOT = iphoneos;
				SWIFT_ACTIVE_COMPILATION_CONDITIONS = DEBUG;
				SWIFT_OPTIMIZATION_LEVEL = "-Onone";
			};
			name = Debug;
		};
		2F35EC831F9B1C07000014E5 /* Release */ = {
			isa = XCBuildConfiguration;
			buildSettings = {
				ALWAYS_SEARCH_USER_PATHS = NO;
				CLANG_ANALYZER_NONNULL = YES;
				CLANG_ANALYZER_NUMBER_OBJECT_CONVERSION = YES_AGGRESSIVE;
				CLANG_CXX_LANGUAGE_STANDARD = "gnu++14";
				CLANG_CXX_LIBRARY = "libc++";
				CLANG_ENABLE_MODULES = YES;
				CLANG_ENABLE_OBJC_ARC = YES;
				CLANG_WARN_BLOCK_CAPTURE_AUTORELEASING = YES;
				CLANG_WARN_BOOL_CONVERSION = YES;
				CLANG_WARN_COMMA = YES;
				CLANG_WARN_CONSTANT_CONVERSION = YES;
				CLANG_WARN_DIRECT_OBJC_ISA_USAGE = YES_ERROR;
				CLANG_WARN_DOCUMENTATION_COMMENTS = YES;
				CLANG_WARN_EMPTY_BODY = YES;
				CLANG_WARN_ENUM_CONVERSION = YES;
				CLANG_WARN_INFINITE_RECURSION = YES;
				CLANG_WARN_INT_CONVERSION = YES;
				CLANG_WARN_NON_LITERAL_NULL_CONVERSION = YES;
				CLANG_WARN_OBJC_LITERAL_CONVERSION = YES;
				CLANG_WARN_OBJC_ROOT_CLASS = YES_ERROR;
				CLANG_WARN_RANGE_LOOP_ANALYSIS = YES;
				CLANG_WARN_STRICT_PROTOTYPES = YES;
				CLANG_WARN_SUSPICIOUS_MOVE = YES;
				CLANG_WARN_UNGUARDED_AVAILABILITY = YES_AGGRESSIVE;
				CLANG_WARN_UNREACHABLE_CODE = YES;
				CLANG_WARN__DUPLICATE_METHOD_MATCH = YES;
				CODE_SIGN_IDENTITY = "iPhone Developer";
				COPY_PHASE_STRIP = NO;
				DEBUG_INFORMATION_FORMAT = "dwarf-with-dsym";
				ENABLE_NS_ASSERTIONS = NO;
				ENABLE_STRICT_OBJC_MSGSEND = YES;
				GCC_C_LANGUAGE_STANDARD = gnu11;
				GCC_NO_COMMON_BLOCKS = YES;
				GCC_WARN_64_TO_32_BIT_CONVERSION = YES;
				GCC_WARN_ABOUT_RETURN_TYPE = YES_ERROR;
				GCC_WARN_UNDECLARED_SELECTOR = YES;
				GCC_WARN_UNINITIALIZED_AUTOS = YES_AGGRESSIVE;
				GCC_WARN_UNUSED_FUNCTION = YES;
				GCC_WARN_UNUSED_VARIABLE = YES;
				IPHONEOS_DEPLOYMENT_TARGET = 11.0;
				MTL_ENABLE_DEBUG_INFO = NO;
				SDKROOT = iphoneos;
				SWIFT_OPTIMIZATION_LEVEL = "-Owholemodule";
				VALIDATE_PRODUCT = YES;
			};
			name = Release;
		};
		2F35EC851F9B1C07000014E5 /* Debug */ = {
			isa = XCBuildConfiguration;
			baseConfigurationReference = 22063BA9FC3E71773B279D39 /* Pods-Crossword.debug.xcconfig */;
			buildSettings = {
				ASSETCATALOG_COMPILER_APPICON_NAME = AppIcon;
				CODE_SIGN_STYLE = Automatic;
				DEVELOPMENT_TEAM = 78T5848B44;
				INFOPLIST_FILE = Crossword/Info.plist;
				IPHONEOS_DEPLOYMENT_TARGET = 11.1;
				LD_RUNPATH_SEARCH_PATHS = "$(inherited) @executable_path/Frameworks";
				PRODUCT_BUNDLE_IDENTIFIER = com.tstick.Crossword;
				PRODUCT_NAME = "$(TARGET_NAME)";
				SWIFT_VERSION = 4.0;
				TARGETED_DEVICE_FAMILY = 1;
			};
			name = Debug;
		};
		2F35EC861F9B1C07000014E5 /* Release */ = {
			isa = XCBuildConfiguration;
			baseConfigurationReference = 1A19FB1F52FE6481AEB1DCD4 /* Pods-Crossword.release.xcconfig */;
			buildSettings = {
				ASSETCATALOG_COMPILER_APPICON_NAME = AppIcon;
				CODE_SIGN_STYLE = Automatic;
				DEVELOPMENT_TEAM = 78T5848B44;
				INFOPLIST_FILE = Crossword/Info.plist;
				IPHONEOS_DEPLOYMENT_TARGET = 11.1;
				LD_RUNPATH_SEARCH_PATHS = "$(inherited) @executable_path/Frameworks";
				PRODUCT_BUNDLE_IDENTIFIER = com.tstick.Crossword;
				PRODUCT_NAME = "$(TARGET_NAME)";
				SWIFT_VERSION = 4.0;
				TARGETED_DEVICE_FAMILY = 1;
			};
			name = Release;
		};
		2F35EC881F9B1C07000014E5 /* Debug */ = {
			isa = XCBuildConfiguration;
			baseConfigurationReference = 2269F998513FF253CE2327B2 /* Pods-CrosswordTests.debug.xcconfig */;
			buildSettings = {
				ALWAYS_EMBED_SWIFT_STANDARD_LIBRARIES = YES;
				BUNDLE_LOADER = "$(TEST_HOST)";
				CODE_SIGN_STYLE = Automatic;
				DEVELOPMENT_TEAM = 78T5848B44;
				INFOPLIST_FILE = CrosswordTests/Info.plist;
				LD_RUNPATH_SEARCH_PATHS = "$(inherited) @executable_path/Frameworks @loader_path/Frameworks";
				PRODUCT_BUNDLE_IDENTIFIER = com.tstick.CrosswordTests;
				PRODUCT_NAME = "$(TARGET_NAME)";
				SWIFT_VERSION = 4.0;
				TARGETED_DEVICE_FAMILY = "1,2";
				TEST_HOST = "$(BUILT_PRODUCTS_DIR)/Crossword.app/Crossword";
			};
			name = Debug;
		};
		2F35EC891F9B1C07000014E5 /* Release */ = {
			isa = XCBuildConfiguration;
			baseConfigurationReference = 66F51F77CC075E9E76C3D43C /* Pods-CrosswordTests.release.xcconfig */;
			buildSettings = {
				ALWAYS_EMBED_SWIFT_STANDARD_LIBRARIES = YES;
				BUNDLE_LOADER = "$(TEST_HOST)";
				CODE_SIGN_STYLE = Automatic;
				DEVELOPMENT_TEAM = 78T5848B44;
				INFOPLIST_FILE = CrosswordTests/Info.plist;
				LD_RUNPATH_SEARCH_PATHS = "$(inherited) @executable_path/Frameworks @loader_path/Frameworks";
				PRODUCT_BUNDLE_IDENTIFIER = com.tstick.CrosswordTests;
				PRODUCT_NAME = "$(TARGET_NAME)";
				SWIFT_VERSION = 4.0;
				TARGETED_DEVICE_FAMILY = "1,2";
				TEST_HOST = "$(BUILT_PRODUCTS_DIR)/Crossword.app/Crossword";
			};
			name = Release;
		};
		2F35EC8B1F9B1C07000014E5 /* Debug */ = {
			isa = XCBuildConfiguration;
			baseConfigurationReference = 65B4CEE3811F32B335769A9A /* Pods-CrosswordUITests.debug.xcconfig */;
			buildSettings = {
				ALWAYS_EMBED_SWIFT_STANDARD_LIBRARIES = YES;
				CODE_SIGN_STYLE = Automatic;
				DEVELOPMENT_TEAM = 78T5848B44;
				INFOPLIST_FILE = CrosswordUITests/Info.plist;
				LD_RUNPATH_SEARCH_PATHS = "$(inherited) @executable_path/Frameworks @loader_path/Frameworks";
				PRODUCT_BUNDLE_IDENTIFIER = com.tstick.CrosswordUITests;
				PRODUCT_NAME = "$(TARGET_NAME)";
				SWIFT_VERSION = 4.0;
				TARGETED_DEVICE_FAMILY = "1,2";
				TEST_TARGET_NAME = Crossword;
			};
			name = Debug;
		};
		2F35EC8C1F9B1C07000014E5 /* Release */ = {
			isa = XCBuildConfiguration;
			baseConfigurationReference = 4A3278F256C80F5572606B93 /* Pods-CrosswordUITests.release.xcconfig */;
			buildSettings = {
				ALWAYS_EMBED_SWIFT_STANDARD_LIBRARIES = YES;
				CODE_SIGN_STYLE = Automatic;
				DEVELOPMENT_TEAM = 78T5848B44;
				INFOPLIST_FILE = CrosswordUITests/Info.plist;
				LD_RUNPATH_SEARCH_PATHS = "$(inherited) @executable_path/Frameworks @loader_path/Frameworks";
				PRODUCT_BUNDLE_IDENTIFIER = com.tstick.CrosswordUITests;
				PRODUCT_NAME = "$(TARGET_NAME)";
				SWIFT_VERSION = 4.0;
				TARGETED_DEVICE_FAMILY = "1,2";
				TEST_TARGET_NAME = Crossword;
			};
			name = Release;
		};
/* End XCBuildConfiguration section */

/* Begin XCConfigurationList section */
		2F35EC571F9B1C06000014E5 /* Build configuration list for PBXProject "Crossword" */ = {
			isa = XCConfigurationList;
			buildConfigurations = (
				2F35EC821F9B1C07000014E5 /* Debug */,
				2F35EC831F9B1C07000014E5 /* Release */,
			);
			defaultConfigurationIsVisible = 0;
			defaultConfigurationName = Release;
		};
		2F35EC841F9B1C07000014E5 /* Build configuration list for PBXNativeTarget "Crossword" */ = {
			isa = XCConfigurationList;
			buildConfigurations = (
				2F35EC851F9B1C07000014E5 /* Debug */,
				2F35EC861F9B1C07000014E5 /* Release */,
			);
			defaultConfigurationIsVisible = 0;
			defaultConfigurationName = Release;
		};
		2F35EC871F9B1C07000014E5 /* Build configuration list for PBXNativeTarget "CrosswordTests" */ = {
			isa = XCConfigurationList;
			buildConfigurations = (
				2F35EC881F9B1C07000014E5 /* Debug */,
				2F35EC891F9B1C07000014E5 /* Release */,
			);
			defaultConfigurationIsVisible = 0;
			defaultConfigurationName = Release;
		};
		2F35EC8A1F9B1C07000014E5 /* Build configuration list for PBXNativeTarget "CrosswordUITests" */ = {
			isa = XCConfigurationList;
			buildConfigurations = (
				2F35EC8B1F9B1C07000014E5 /* Debug */,
				2F35EC8C1F9B1C07000014E5 /* Release */,
			);
			defaultConfigurationIsVisible = 0;
			defaultConfigurationName = Release;
		};
/* End XCConfigurationList section */
	};
	rootObject = 2F35EC541F9B1C06000014E5 /* Project object */;
}
